
Microsoft Visual Studio Solution File, Format Version 12.00
# Visual Studio Version 17
VisualStudioVersion = 17.0.31903.59
MinimumVisualStudioVersion = 10.0.40219.1
Project("{FAE04EC0-301F-11D3-BF4B-00C04F79EFBC}") = "TestApi", "src\TestApi.csproj", "{C3725441-74AC-4BFD-940F-429923B10EBA}"
EndProject
Project("{2150E333-8FDC-42A3-9474-1A3956D46DE8}") = "tests", "tests", "{7FEFDD10-9F04-4CA4-B874-CB5BA3855018}"
EndProject
Project("{FAE04EC0-301F-11D3-BF4B-00C04F79EFBC}") = "TestApi.Tests", "tests\TestApi.Tests\TestApi.Tests.csproj", "{AAC2D903-1F1D-4234-98FE-CCCD0F233CBC}"
EndProject
Global
	GlobalSection(SolutionConfigurationPlatforms) = preSolution
		Debug|Any CPU = Debug|Any CPU
		Release|Any CPU = Release|Any CPU
	EndGlobalSection
	GlobalSection(SolutionProperties) = preSolution
		HideSolutionNode = FALSE
	EndGlobalSection
	GlobalSection(ProjectConfigurationPlatforms) = postSolution
		{C3725441-74AC-4BFD-940F-429923B10EBA}.Debug|Any CPU.ActiveCfg = Debug|Any CPU
		{C3725441-74AC-4BFD-940F-429923B10EBA}.Debug|Any CPU.Build.0 = Debug|Any CPU
		{C3725441-74AC-4BFD-940F-429923B10EBA}.Release|Any CPU.ActiveCfg = Release|Any CPU
		{C3725441-74AC-4BFD-940F-429923B10EBA}.Release|Any CPU.Build.0 = Release|Any CPU
		{AAC2D903-1F1D-4234-98FE-CCCD0F233CBC}.Debug|Any CPU.ActiveCfg = Debug|Any CPU
		{AAC2D903-1F1D-4234-98FE-CCCD0F233CBC}.Debug|Any CPU.Build.0 = Debug|Any CPU
		{AAC2D903-1F1D-4234-98FE-CCCD0F233CBC}.Release|Any CPU.ActiveCfg = Release|Any CPU
		{AAC2D903-1F1D-4234-98FE-CCCD0F233CBC}.Release|Any CPU.Build.0 = Release|Any CPU
	EndGlobalSection
	GlobalSection(NestedProjects) = preSolution
		{AAC2D903-1F1D-4234-98FE-CCCD0F233CBC} = {7FEFDD10-9F04-4CA4-B874-CB5BA3855018}
	EndGlobalSection
EndGlobal
